{
    "hash": "0e0f5b1870a494e664b94e91598fe530",
    "packages": [
        {
            "name": "thesavior/Saros",
            "version": "dev-master",
            "source": {
                "type": "git",
                "url": "https://github.com/TheSavior/Saros-Framework",
                "reference": "b6de4497c37f8ade64aa81b02d391217186923e4"
            },
            "require": {
                "php": ">=5.3.2",
                "vlucas/spot": "dev-master"
            },
            "time": "2013-02-21 04:27:58",
            "type": "library",
            "autoload": {
                "psr-0": {
                    "Saros": "lib/"
                }
            },
            "license": [
                "BSD"
            ],
            "authors": [
                {
                    "name": "Eli White",
                    "email": "framework@eli-white.com",
                    "homepage": "http://eli-white.com"
                }
            ],
            "description": "MVC Framework and Libraries for PHP 5.3+",
            "homepage": "https://github.com/TheSavior/Saros-Framework",
            "keywords": [
                "mvc",
                "auth"
            ]
        },
        {
            "name": "vlucas/Spot",
            "version": "dev-master",
            "source": {
                "type": "git",
                "url": "https://github.com/vlucas/Spot.git",
                "reference": "72baebbbbd5cba38c95ff963722f93c236ee46a7"
            },
            "dist": {
                "type": "zip",
                "url": "https://api.github.com/repos/vlucas/Spot/zipball/72baebbbbd5cba38c95ff963722f93c236ee46a7",
                "reference": "72baebbbbd5cba38c95ff963722f93c236ee46a7",
                "shasum": ""
            },
            "require": {
                "php": ">=5.3.2"
            },
            "time": "2013-01-09 15:20:53",
            "type": "library",
            "autoload": {
                "psr-0": {
                    "Spot": "lib/"
                }
            },
            "notification-url": "http://packagist.org/downloads/",
            "license": [
                "BSD"
            ],
            "authors": [
                {
                    "name": "Vance Lucas",
                    "email": "vance@vancelucas.com",
                    "homepage": "http://www.vancelucas.com"
                }
            ],
            "description": "DataMapper ORM+ODM for PHP 5.3+",
            "homepage": "https://github.com/vlucas/Spot",
            "keywords": [
                "database",
                "orm",
                "mysql",
                "odm",
                "datamapper",
                "model"
            ]
        }
    ],
    "packages-dev": null,
    "aliases": [

    ],
    "minimum-stability": "dev",
    "stability-flags": {
        "thesavior/saros": 20
    }
}
